<?xml version="1.0" encoding="utf-8"?>
<Project ToolsVersion="4.0" xmlns="http://schemas.microsoft.com/developer/msbuild/2003">
  <ItemGroup>
    <Filter Include="Source Files">
      <UniqueIdentifier>{4FC737F1-C7A5-4376-A066-2A32D752A2FF}</UniqueIdentifier>
      <Extensions>cpp;c;cc;cxx;c++;def;odl;idl;hpj;bat;asm;asmx</Extensions>
    </Filter>
    <Filter Include="Header Files">
      <UniqueIdentifier>{93995380-89BD-4b04-88EB-625FBE52EBFB}</UniqueIdentifier>
      <Extensions>h;hh;hpp;hxx;h++;hm;inl;inc;ipp;xsd</Extensions>
    </Filter>
    <Filter Include="Resource Files">
      <UniqueIdentifier>{67DA6AB6-F800-4c08-8B7A-83BB121AAD01}</UniqueIdentifier>
      <Extensions>rc;ico;cur;bmp;dlg;rc2;rct;bin;rgs;gif;jpg;jpeg;jpe;resx;tiff;tif;png;wav;mfcribbon-ms</Extensions>
    </Filter>
    <Filter Include="Header Files\HtmRendering">
      <UniqueIdentifier>{49814656-9d1a-4e06-9da9-1bb3f5259293}</UniqueIdentifier>
    </Filter>
    <Filter Include="Source Files\HtmlRendering">
      <UniqueIdentifier>{0ecfbfcb-ec15-4f3c-ac8a-7293c4771a7d}</UniqueIdentifier>
    </Filter>
    <Filter Include="web">
      <UniqueIdentifier>{7742bf51-b510-4dfd-a948-508db276c865}</UniqueIdentifier>
    </Filter>
    <Filter Include="web\html">
      <UniqueIdentifier>{38a4a310-07e1-4141-bcbc-6f9773a1d023}</UniqueIdentifier>
    </Filter>
    <Filter Include="web\js">
      <UniqueIdentifier>{01c3aef0-244e-4d6f-b40f-083dd547d469}</UniqueIdentifier>
    </Filter>
    <Filter Include="web\css">
      <UniqueIdentifier>{f800a7e8-c2ed-4cdd-93f4-b5883377c2c1}</UniqueIdentifier>
    </Filter>
    <Filter Include="web\images">
      <UniqueIdentifier>{e8817288-7c5e-4ecd-a40e-8326f208c412}</UniqueIdentifier>
    </Filter>
  </ItemGroup>
  <ItemGroup>
    <ClCompile Include="SplashScreenRoomNet.cpp">
      <Filter>Source Files</Filter>
    </ClCompile>
    <ClCompile Include="Index.cpp">
      <Filter>Source Files</Filter>
    </ClCompile>
    <ClCompile Include="..\..\Jinja2CppLight\src\Jinja2CppLight.cpp">
      <Filter>Source Files\HtmlRendering</Filter>
    </ClCompile>
    <ClCompile Include="..\..\Jinja2CppLight\src\stringhelper.cpp">
      <Filter>Source Files\HtmlRendering</Filter>
    </ClCompile>
    <ClCompile Include="SplashScreenRoomNetUtil.cpp">
      <Filter>Source Files</Filter>
    </ClCompile>
  </ItemGroup>
  <ItemGroup>
    <ClInclude Include="Index.h">
      <Filter>Header Files</Filter>
    </ClInclude>
    <ClInclude Include="..\..\Jinja2CppLight\src\Jinja2CppLight.h">
      <Filter>Header Files\HtmRendering</Filter>
    </ClInclude>
    <ClInclude Include="..\..\Jinja2CppLight\src\stringhelper.h">
      <Filter>Header Files\HtmRendering</Filter>
    </ClInclude>
    <ClInclude Include="SplashScreenRoomNetUtil.h">
      <Filter>Header Files</Filter>
    </ClInclude>
  </ItemGroup>
  <ItemGroup>
    <None Include="web\html\error.html">
      <Filter>web\html</Filter>
    </None>
    <None Include="web\html\footer.html">
      <Filter>web\html</Filter>
    </None>
    <None Include="web\html\header.html">
      <Filter>web\html</Filter>
    </None>
    <None Include="web\html\index.html">
      <Filter>web\html</Filter>
    </None>
    <None Include="web\css\main.css">
      <Filter>web\css</Filter>
    </None>
    <None Include="web\js\main.js">
      <Filter>web\js</Filter>
    </None>
  </ItemGroup>
  <ItemGroup>
    <Image Include="web\images\weeknd.png">
      <Filter>web\images</Filter>
    </Image>
  </ItemGroup>
  <ItemGroup>
    <Text Include="image.txt">
      <Filter>Source Files</Filter>
    </Text>
  </ItemGroup>
</Project>