<?xml version="1.0" encoding="utf-8"?>
<Project ToolsVersion="4.0" xmlns="http://schemas.microsoft.com/developer/msbuild/2003">
  <ItemGroup>
    <Filter Include="Source Files">
      <UniqueIdentifier>{4FC737F1-C7A5-4376-A066-2A32D752A2FF}</UniqueIdentifier>
      <Extensions>cpp;c;cc;cxx;c++;def;odl;idl;hpj;bat;asm;asmx</Extensions>
    </Filter>
    <Filter Include="Header Files">
      <UniqueIdentifier>{93995380-89BD-4b04-88EB-625FBE52EBFB}</UniqueIdentifier>
      <Extensions>h;hh;hpp;hxx;h++;hm;inl;inc;ipp;xsd</Extensions>
    </Filter>
    <Filter Include="Resource Files">
      <UniqueIdentifier>{67DA6AB6-F800-4c08-8B7A-83BB121AAD01}</UniqueIdentifier>
      <Extensions>rc;ico;cur;bmp;dlg;rc2;rct;bin;rgs;gif;jpg;jpeg;jpe;resx;tiff;tif;png;wav;mfcribbon-ms</Extensions>
    </Filter>
    <Filter Include="Header Files\HtmRendering">
      <UniqueIdentifier>{49814656-9d1a-4e06-9da9-1bb3f5259293}</UniqueIdentifier>
    </Filter>
    <Filter Include="Source Files\HtmlRendering">
      <UniqueIdentifier>{0ecfbfcb-ec15-4f3c-ac8a-7293c4771a7d}</UniqueIdentifier>
    </Filter>
    <Filter Include="html">
      <UniqueIdentifier>{38a4a310-07e1-4141-bcbc-6f9773a1d023}</UniqueIdentifier>
    </Filter>
  </ItemGroup>
  <ItemGroup>
    <ClCompile Include="SplashScreenRoomNet.cpp">
      <Filter>Source Files</Filter>
    </ClCompile>
    <ClCompile Include="Index.cpp">
      <Filter>Source Files</Filter>
    </ClCompile>
    <ClCompile Include="..\..\Jinja2CppLight\src\Jinja2CppLight.cpp">
      <Filter>Source Files\HtmlRendering</Filter>
    </ClCompile>
    <ClCompile Include="..\..\Jinja2CppLight\src\stringhelper.cpp">
      <Filter>Source Files\HtmlRendering</Filter>
    </ClCompile>
  </ItemGroup>
  <ItemGroup>
    <ClInclude Include="Index.h">
      <Filter>Header Files</Filter>
    </ClInclude>
    <ClInclude Include="..\..\Jinja2CppLight\src\Jinja2CppLight.h">
      <Filter>Header Files\HtmRendering</Filter>
    </ClInclude>
    <ClInclude Include="..\..\Jinja2CppLight\src\stringhelper.h">
      <Filter>Header Files\HtmRendering</Filter>
    </ClInclude>
  </ItemGroup>
  <ItemGroup>
    <None Include="html\index.html">
      <Filter>html</Filter>
    </None>
    <None Include="html\error.html">
      <Filter>html</Filter>
    </None>
    <None Include="header.html">
      <Filter>html</Filter>
    </None>
    <None Include="html\footer.html">
      <Filter>html</Filter>
    </None>
  </ItemGroup>
</Project>